// !$*UTF8*$!
{
	archiveVersion = 1;
	classes = {
	};
	objectVersion = 56;
	objects = {

/* Begin PBXBuildFile section */
		46233BB92BAC978A00AE458C /* SearchGHUserView.swift in Sources */ = {isa = PBXBuildFile; fileRef = 46233BB82BAC978A00AE458C /* SearchGHUserView.swift */; };
		4631C5CE2BA4F02A00567C33 /* UserScreenView.swift in Sources */ = {isa = PBXBuildFile; fileRef = 4631C5CD2BA4F02A00567C33 /* UserScreenView.swift */; };
		4631C5D22BA6360C00567C33 /* WebView.swift in Sources */ = {isa = PBXBuildFile; fileRef = 4631C5D12BA6360C00567C33 /* WebView.swift */; };
		4631C5D92BA6EA8200567C33 /* GHUserModel.swift in Sources */ = {isa = PBXBuildFile; fileRef = 4631C5D82BA6EA8200567C33 /* GHUserModel.swift */; };
		4631C5DB2BA6EABB00567C33 /* SearchGHUserViewModel.swift in Sources */ = {isa = PBXBuildFile; fileRef = 4631C5DA2BA6EABB00567C33 /* SearchGHUserViewModel.swift */; };
		4631C5E42BA6F66900567C33 /* SearchAccountView.swift in Sources */ = {isa = PBXBuildFile; fileRef = 4631C5E32BA6F66900567C33 /* SearchAccountView.swift */; };
		4631C5E62BA6F87D00567C33 /* SearchFieldView.swift in Sources */ = {isa = PBXBuildFile; fileRef = 4631C5E52BA6F87D00567C33 /* SearchFieldView.swift */; };
		46930DA42BB3421D005FEC89 /* Documentation.docc in Sources */ = {isa = PBXBuildFile; fileRef = 46930DA32BB3421D005FEC89 /* Documentation.docc */; };
		46930DA62BB34E88005FEC89 /* SearchGHUserErrors.swift in Sources */ = {isa = PBXBuildFile; fileRef = 46930DA52BB34E88005FEC89 /* SearchGHUserErrors.swift */; };
		46D046B72BC2B38A00706AFD /* NetworkServiceTest.swift in Sources */ = {isa = PBXBuildFile; fileRef = 46D046B62BC2B38A00706AFD /* NetworkServiceTest.swift */; };
		46DFB8132BA221E40032140D /* Search_GitHub_UserApp.swift in Sources */ = {isa = PBXBuildFile; fileRef = 46DFB8122BA221E40032140D /* Search_GitHub_UserApp.swift */; };
		46DFB8172BA221E50032140D /* Assets.xcassets in Resources */ = {isa = PBXBuildFile; fileRef = 46DFB8162BA221E50032140D /* Assets.xcassets */; };
		46DFB81A2BA221E50032140D /* Preview Assets.xcassets in Resources */ = {isa = PBXBuildFile; fileRef = 46DFB8192BA221E50032140D /* Preview Assets.xcassets */; };
		46DFB8232BA222AD0032140D /* NetworkService.swift in Sources */ = {isa = PBXBuildFile; fileRef = 46DFB8222BA222AD0032140D /* NetworkService.swift */; };
		46DFB8292BA2231B0032140D /* Errors.swift in Sources */ = {isa = PBXBuildFile; fileRef = 46DFB8282BA2231B0032140D /* Errors.swift */; };
		46DFB82B2BA22AC60032140D /* ContentView.swift in Sources */ = {isa = PBXBuildFile; fileRef = 46DFB82A2BA22AC60032140D /* ContentView.swift */; };
/* End PBXBuildFile section */

/* Begin PBXFileReference section */
		46233BB82BAC978A00AE458C /* SearchGHUserView.swift */ = {isa = PBXFileReference; lastKnownFileType = sourcecode.swift; path = SearchGHUserView.swift; sourceTree = "<group>"; };
		4631C5CD2BA4F02A00567C33 /* UserScreenView.swift */ = {isa = PBXFileReference; lastKnownFileType = sourcecode.swift; path = UserScreenView.swift; sourceTree = "<group>"; };
		4631C5D12BA6360C00567C33 /* WebView.swift */ = {isa = PBXFileReference; lastKnownFileType = sourcecode.swift; path = WebView.swift; sourceTree = "<group>"; };
		4631C5D82BA6EA8200567C33 /* GHUserModel.swift */ = {isa = PBXFileReference; lastKnownFileType = sourcecode.swift; path = GHUserModel.swift; sourceTree = "<group>"; };
		4631C5DA2BA6EABB00567C33 /* SearchGHUserViewModel.swift */ = {isa = PBXFileReference; lastKnownFileType = sourcecode.swift; path = SearchGHUserViewModel.swift; sourceTree = "<group>"; };
		4631C5E32BA6F66900567C33 /* SearchAccountView.swift */ = {isa = PBXFileReference; lastKnownFileType = sourcecode.swift; path = SearchAccountView.swift; sourceTree = "<group>"; };
		4631C5E52BA6F87D00567C33 /* SearchFieldView.swift */ = {isa = PBXFileReference; lastKnownFileType = sourcecode.swift; path = SearchFieldView.swift; sourceTree = "<group>"; };
		46930DA32BB3421D005FEC89 /* Documentation.docc */ = {isa = PBXFileReference; lastKnownFileType = folder.documentationcatalog; path = Documentation.docc; sourceTree = "<group>"; };
		46930DA52BB34E88005FEC89 /* SearchGHUserErrors.swift */ = {isa = PBXFileReference; lastKnownFileType = sourcecode.swift; path = SearchGHUserErrors.swift; sourceTree = "<group>"; };
		46B5AC122BC16B4D0067D80F /* MyPlayground.playground */ = {isa = PBXFileReference; lastKnownFileType = file.playground; path = MyPlayground.playground; sourceTree = "<group>"; xcLanguageSpecificationIdentifier = xcode.lang.swift; };
		46D046B62BC2B38A00706AFD /* NetworkServiceTest.swift */ = {isa = PBXFileReference; lastKnownFileType = sourcecode.swift; path = NetworkServiceTest.swift; sourceTree = "<group>"; };
		46DFB80F2BA221E40032140D /* Search GitHub User.app */ = {isa = PBXFileReference; explicitFileType = wrapper.application; includeInIndex = 0; path = "Search GitHub User.app"; sourceTree = BUILT_PRODUCTS_DIR; };
		46DFB8122BA221E40032140D /* Search_GitHub_UserApp.swift */ = {isa = PBXFileReference; lastKnownFileType = sourcecode.swift; path = Search_GitHub_UserApp.swift; sourceTree = "<group>"; };
		46DFB8162BA221E50032140D /* Assets.xcassets */ = {isa = PBXFileReference; lastKnownFileType = folder.assetcatalog; path = Assets.xcassets; sourceTree = "<group>"; };
		46DFB8192BA221E50032140D /* Preview Assets.xcassets */ = {isa = PBXFileReference; lastKnownFileType = folder.assetcatalog; path = "Preview Assets.xcassets"; sourceTree = "<group>"; };
		46DFB8222BA222AD0032140D /* NetworkService.swift */ = {isa = PBXFileReference; lastKnownFileType = sourcecode.swift; path = NetworkService.swift; sourceTree = "<group>"; };
		46DFB8282BA2231B0032140D /* Errors.swift */ = {isa = PBXFileReference; lastKnownFileType = sourcecode.swift; path = Errors.swift; sourceTree = "<group>"; };
		46DFB82A2BA22AC60032140D /* ContentView.swift */ = {isa = PBXFileReference; lastKnownFileType = sourcecode.swift; path = ContentView.swift; sourceTree = "<group>"; };
/* End PBXFileReference section */

/* Begin PBXFrameworksBuildPhase section */
		46DFB80C2BA221E40032140D /* Frameworks */ = {
			isa = PBXFrameworksBuildPhase;
			buildActionMask = 2147483647;
			files = (
			);
			runOnlyForDeploymentPostprocessing = 0;
		};
/* End PBXFrameworksBuildPhase section */

/* Begin PBXGroup section */
		4631C5D32BA6E5F500567C33 /* Feature */ = {
			isa = PBXGroup;
			children = (
				4631C5D42BA6E5FE00567C33 /* SearchUser */,
				4631C5DC2BA6EAD000567C33 /* Account */,
			);
			path = Feature;
			sourceTree = "<group>";
		};
		4631C5D42BA6E5FE00567C33 /* SearchUser */ = {
			isa = PBXGroup;
			children = (
				4631C5D62BA6E63E00567C33 /* View */,
				4631C5D72BA6E64400567C33 /* ViewModel */,
				4631C5D52BA6E63800567C33 /* Model */,
			);
			path = SearchUser;
			sourceTree = "<group>";
		};
		4631C5D52BA6E63800567C33 /* Model */ = {
			isa = PBXGroup;
			children = (
				4631C5D82BA6EA8200567C33 /* GHUserModel.swift */,
			);
			path = Model;
			sourceTree = "<group>";
		};
		4631C5D62BA6E63E00567C33 /* View */ = {
			isa = PBXGroup;
			children = (
				46233BB82BAC978A00AE458C /* SearchGHUserView.swift */,
				4631C5E12BA6EE9C00567C33 /* SubView */,
			);
			path = View;
			sourceTree = "<group>";
		};
		4631C5D72BA6E64400567C33 /* ViewModel */ = {
			isa = PBXGroup;
			children = (
				4631C5DA2BA6EABB00567C33 /* SearchGHUserViewModel.swift */,
				46930DA52BB34E88005FEC89 /* SearchGHUserErrors.swift */,
			);
			path = ViewModel;
			sourceTree = "<group>";
		};
		4631C5DC2BA6EAD000567C33 /* Account */ = {
			isa = PBXGroup;
			children = (
				4631C5DD2BA6EAE400567C33 /* View */,
				4631C5DF2BA6EAED00567C33 /* Model */,
				4631C5DE2BA6EAE700567C33 /* ViewModel */,
			);
			path = Account;
			sourceTree = "<group>";
		};
		4631C5DD2BA6EAE400567C33 /* View */ = {
			isa = PBXGroup;
			children = (
				4631C5CD2BA4F02A00567C33 /* UserScreenView.swift */,
			);
			path = View;
			sourceTree = "<group>";
		};
		4631C5DE2BA6EAE700567C33 /* ViewModel */ = {
			isa = PBXGroup;
			children = (
			);
			path = ViewModel;
			sourceTree = "<group>";
		};
		4631C5DF2BA6EAED00567C33 /* Model */ = {
			isa = PBXGroup;
			children = (
			);
			path = Model;
			sourceTree = "<group>";
		};
		4631C5E02BA6EBBB00567C33 /* Service */ = {
			isa = PBXGroup;
			children = (
				46DFB8202BA2228A0032140D /* NetworkService */,
				4644B6EC2BBC81A800081E6C /* NetworkServiceTest */,
			);
			path = Service;
			sourceTree = "<group>";
		};
		4631C5E12BA6EE9C00567C33 /* SubView */ = {
			isa = PBXGroup;
			children = (
				4631C5E32BA6F66900567C33 /* SearchAccountView.swift */,
				4631C5E52BA6F87D00567C33 /* SearchFieldView.swift */,
			);
			path = SubView;
			sourceTree = "<group>";
		};
		4631C5E22BA6F16900567C33 /* UI */ = {
			isa = PBXGroup;
			children = (
				4631C5D12BA6360C00567C33 /* WebView.swift */,
			);
			path = UI;
			sourceTree = "<group>";
		};
		4644B6EC2BBC81A800081E6C /* NetworkServiceTest */ = {
			isa = PBXGroup;
			children = (
				46D046B62BC2B38A00706AFD /* NetworkServiceTest.swift */,
			);
			path = NetworkServiceTest;
			sourceTree = "<group>";
		};
		46DFB8062BA221E40032140D = {
			isa = PBXGroup;
			children = (
				46B5AC122BC16B4D0067D80F /* MyPlayground.playground */,
				46930DA32BB3421D005FEC89 /* Documentation.docc */,
				46DFB8112BA221E40032140D /* Search GitHub User */,
				46DFB8102BA221E40032140D /* Products */,
			);
			sourceTree = "<group>";
		};
		46DFB8102BA221E40032140D /* Products */ = {
			isa = PBXGroup;
			children = (
				46DFB80F2BA221E40032140D /* Search GitHub User.app */,
			);
			name = Products;
			sourceTree = "<group>";
		};
		46DFB8112BA221E40032140D /* Search GitHub User */ = {
			isa = PBXGroup;
			children = (
				4631C5E22BA6F16900567C33 /* UI */,
				4631C5E02BA6EBBB00567C33 /* Service */,
				4631C5D32BA6E5F500567C33 /* Feature */,
				46DFB8122BA221E40032140D /* Search_GitHub_UserApp.swift */,
				46DFB82A2BA22AC60032140D /* ContentView.swift */,
				46DFB8162BA221E50032140D /* Assets.xcassets */,
				46DFB8182BA221E50032140D /* Preview Content */,
			);
			path = "Search GitHub User";
			sourceTree = "<group>";
		};
		46DFB8182BA221E50032140D /* Preview Content */ = {
			isa = PBXGroup;
			children = (
				46DFB8192BA221E50032140D /* Preview Assets.xcassets */,
			);
			path = "Preview Content";
			sourceTree = "<group>";
		};
		46DFB8202BA2228A0032140D /* NetworkService */ = {
			isa = PBXGroup;
			children = (
				46DFB8222BA222AD0032140D /* NetworkService.swift */,
				46DFB8282BA2231B0032140D /* Errors.swift */,
			);
			path = NetworkService;
			sourceTree = "<group>";
		};
/* End PBXGroup section */

/* Begin PBXNativeTarget section */
		46DFB80E2BA221E40032140D /* Search GitHub User */ = {
			isa = PBXNativeTarget;
			buildConfigurationList = 46DFB81D2BA221E50032140D /* Build configuration list for PBXNativeTarget "Search GitHub User" */;
			buildPhases = (
				46DFB80B2BA221E40032140D /* Sources */,
				46DFB80C2BA221E40032140D /* Frameworks */,
				46DFB80D2BA221E40032140D /* Resources */,
			);
			buildRules = (
			);
			dependencies = (
			);
			name = "Search GitHub User";
			productName = "Search GitHub User";
			productReference = 46DFB80F2BA221E40032140D /* Search GitHub User.app */;
			productType = "com.apple.product-type.application";
		};
/* End PBXNativeTarget section */

/* Begin PBXProject section */
		46DFB8072BA221E40032140D /* Project object */ = {
			isa = PBXProject;
			attributes = {
				BuildIndependentTargetsInParallel = 1;
				LastSwiftUpdateCheck = 1530;
				LastUpgradeCheck = 1530;
				TargetAttributes = {
					46DFB80E2BA221E40032140D = {
						CreatedOnToolsVersion = 15.3;
					};
				};
			};
			buildConfigurationList = 46DFB80A2BA221E40032140D /* Build configuration list for PBXProject "Search GitHub User" */;
			compatibilityVersion = "Xcode 14.0";
			developmentRegion = en;
			hasScannedForEncodings = 0;
			knownRegions = (
				en,
				Base,
			);
			mainGroup = 46DFB8062BA221E40032140D;
			productRefGroup = 46DFB8102BA221E40032140D /* Products */;
			projectDirPath = "";
			projectRoot = "";
			targets = (
				46DFB80E2BA221E40032140D /* Search GitHub User */,
			);
		};
/* End PBXProject section */

/* Begin PBXResourcesBuildPhase section */
		46DFB80D2BA221E40032140D /* Resources */ = {
			isa = PBXResourcesBuildPhase;
			buildActionMask = 2147483647;
			files = (
				46DFB81A2BA221E50032140D /* Preview Assets.xcassets in Resources */,
				46DFB8172BA221E50032140D /* Assets.xcassets in Resources */,
			);
			runOnlyForDeploymentPostprocessing = 0;
		};
/* End PBXResourcesBuildPhase section */

/* Begin PBXSourcesBuildPhase section */
		46DFB80B2BA221E40032140D /* Sources */ = {
			isa = PBXSourcesBuildPhase;
			buildActionMask = 2147483647;
			files = (
				4631C5CE2BA4F02A00567C33 /* UserScreenView.swift in Sources */,
				4631C5DB2BA6EABB00567C33 /* SearchGHUserViewModel.swift in Sources */,
				4631C5D22BA6360C00567C33 /* WebView.swift in Sources */,
				46DFB8292BA2231B0032140D /* Errors.swift in Sources */,
				46DFB82B2BA22AC60032140D /* ContentView.swift in Sources */,
				46DFB8132BA221E40032140D /* Search_GitHub_UserApp.swift in Sources */,
				46D046B72BC2B38A00706AFD /* NetworkServiceTest.swift in Sources */,
				4631C5D92BA6EA8200567C33 /* GHUserModel.swift in Sources */,
				46930DA62BB34E88005FEC89 /* SearchGHUserErrors.swift in Sources */,
				46930DA42BB3421D005FEC89 /* Documentation.docc in Sources */,
				4631C5E42BA6F66900567C33 /* SearchAccountView.swift in Sources */,
				46233BB92BAC978A00AE458C /* SearchGHUserView.swift in Sources */,
				46DFB8232BA222AD0032140D /* NetworkService.swift in Sources */,
				4631C5E62BA6F87D00567C33 /* SearchFieldView.swift in Sources */,
			);
			runOnlyForDeploymentPostprocessing = 0;
		};
/* End PBXSourcesBuildPhase section */

/* Begin XCBuildConfiguration section */
		46DFB81B2BA221E50032140D /* Debug */ = {
			isa = XCBuildConfiguration;
			buildSettings = {
				ALWAYS_SEARCH_USER_PATHS = NO;
				ASSETCATALOG_COMPILER_GENERATE_SWIFT_ASSET_SYMBOL_EXTENSIONS = YES;
				CLANG_ANALYZER_NONNULL = YES;
				CLANG_ANALYZER_NUMBER_OBJECT_CONVERSION = YES_AGGRESSIVE;
				CLANG_CXX_LANGUAGE_STANDARD = "gnu++20";
				CLANG_ENABLE_MODULES = YES;
				CLANG_ENABLE_OBJC_ARC = YES;
				CLANG_ENABLE_OBJC_WEAK = YES;
				CLANG_WARN_BLOCK_CAPTURE_AUTORELEASING = YES;
				CLANG_WARN_BOOL_CONVERSION = YES;
				CLANG_WARN_COMMA = YES;
				CLANG_WARN_CONSTANT_CONVERSION = YES;
				CLANG_WARN_DEPRECATED_OBJC_IMPLEMENTATIONS = YES;
				CLANG_WARN_DIRECT_OBJC_ISA_USAGE = YES_ERROR;
				CLANG_WARN_DOCUMENTATION_COMMENTS = YES;
				CLANG_WARN_EMPTY_BODY = YES;
				CLANG_WARN_ENUM_CONVERSION = YES;
				CLANG_WARN_INFINITE_RECURSION = YES;
				CLANG_WARN_INT_CONVERSION = YES;
				CLANG_WARN_NON_LITERAL_NULL_CONVERSION = YES;
				CLANG_WARN_OBJC_IMPLICIT_RETAIN_SELF = YES;
				CLANG_WARN_OBJC_LITERAL_CONVERSION = YES;
				CLANG_WARN_OBJC_ROOT_CLASS = YES_ERROR;
				CLANG_WARN_QUOTED_INCLUDE_IN_FRAMEWORK_HEADER = YES;
				CLANG_WARN_RANGE_LOOP_ANALYSIS = YES;
				CLANG_WARN_STRICT_PROTOTYPES = YES;
				CLANG_WARN_SUSPICIOUS_MOVE = YES;
				CLANG_WARN_UNGUARDED_AVAILABILITY = YES_AGGRESSIVE;
				CLANG_WARN_UNREACHABLE_CODE = YES;
				CLANG_WARN__DUPLICATE_METHOD_MATCH = YES;
				COPY_PHASE_STRIP = NO;
				DEBUG_INFORMATION_FORMAT = dwarf;
				ENABLE_STRICT_OBJC_MSGSEND = YES;
				ENABLE_TESTABILITY = YES;
				ENABLE_USER_SCRIPT_SANDBOXING = YES;
				GCC_C_LANGUAGE_STANDARD = gnu17;
				GCC_DYNAMIC_NO_PIC = NO;
				GCC_NO_COMMON_BLOCKS = YES;
				GCC_OPTIMIZATION_LEVEL = 0;
				GCC_PREPROCESSOR_DEFINITIONS = (
					"DEBUG=1",
					"$(inherited)",
				);
				GCC_WARN_64_TO_32_BIT_CONVERSION = YES;
				GCC_WARN_ABOUT_RETURN_TYPE = YES_ERROR;
				GCC_WARN_UNDECLARED_SELECTOR = YES;
				GCC_WARN_UNINITIALIZED_AUTOS = YES_AGGRESSIVE;
				GCC_WARN_UNUSED_FUNCTION = YES;
				GCC_WARN_UNUSED_VARIABLE = YES;
				IPHONEOS_DEPLOYMENT_TARGET = 17.4;
				LOCALIZATION_PREFERS_STRING_CATALOGS = YES;
				MTL_ENABLE_DEBUG_INFO = INCLUDE_SOURCE;
				MTL_FAST_MATH = YES;
				ONLY_ACTIVE_ARCH = YES;
				SDKROOT = iphoneos;
				SWIFT_ACTIVE_COMPILATION_CONDITIONS = "DEBUG $(inherited)";
				SWIFT_OPTIMIZATION_LEVEL = "-Onone";
			};
			name = Debug;
		};
		46DFB81C2BA221E50032140D /* Release */ = {
			isa = XCBuildConfiguration;
			buildSettings = {
				ALWAYS_SEARCH_USER_PATHS = NO;
				ASSETCATALOG_COMPILER_GENERATE_SWIFT_ASSET_SYMBOL_EXTENSIONS = YES;
				CLANG_ANALYZER_NONNULL = YES;
				CLANG_ANALYZER_NUMBER_OBJECT_CONVERSION = YES_AGGRESSIVE;
				CLANG_CXX_LANGUAGE_STANDARD = "gnu++20";
				CLANG_ENABLE_MODULES = YES;
				CLANG_ENABLE_OBJC_ARC = YES;
				CLANG_ENABLE_OBJC_WEAK = YES;
				CLANG_WARN_BLOCK_CAPTURE_AUTORELEASING = YES;
				CLANG_WARN_BOOL_CONVERSION = YES;
				CLANG_WARN_COMMA = YES;
				CLANG_WARN_CONSTANT_CONVERSION = YES;
				CLANG_WARN_DEPRECATED_OBJC_IMPLEMENTATIONS = YES;
				CLANG_WARN_DIRECT_OBJC_ISA_USAGE = YES_ERROR;
				CLANG_WARN_DOCUMENTATION_COMMENTS = YES;
				CLANG_WARN_EMPTY_BODY = YES;
				CLANG_WARN_ENUM_CONVERSION = YES;
				CLANG_WARN_INFINITE_RECURSION = YES;
				CLANG_WARN_INT_CONVERSION = YES;
				CLANG_WARN_NON_LITERAL_NULL_CONVERSION = YES;
				CLANG_WARN_OBJC_IMPLICIT_RETAIN_SELF = YES;
				CLANG_WARN_OBJC_LITERAL_CONVERSION = YES;
				CLANG_WARN_OBJC_ROOT_CLASS = YES_ERROR;
				CLANG_WARN_QUOTED_INCLUDE_IN_FRAMEWORK_HEADER = YES;
				CLANG_WARN_RANGE_LOOP_ANALYSIS = YES;
				CLANG_WARN_STRICT_PROTOTYPES = YES;
				CLANG_WARN_SUSPICIOUS_MOVE = YES;
				CLANG_WARN_UNGUARDED_AVAILABILITY = YES_AGGRESSIVE;
				CLANG_WARN_UNREACHABLE_CODE = YES;
				CLANG_WARN__DUPLICATE_METHOD_MATCH = YES;
				COPY_PHASE_STRIP = NO;
				DEBUG_INFORMATION_FORMAT = "dwarf-with-dsym";
				ENABLE_NS_ASSERTIONS = NO;
				ENABLE_STRICT_OBJC_MSGSEND = YES;
				ENABLE_USER_SCRIPT_SANDBOXING = YES;
				GCC_C_LANGUAGE_STANDARD = gnu17;
				GCC_NO_COMMON_BLOCKS = YES;
				GCC_WARN_64_TO_32_BIT_CONVERSION = YES;
				GCC_WARN_ABOUT_RETURN_TYPE = YES_ERROR;
				GCC_WARN_UNDECLARED_SELECTOR = YES;
				GCC_WARN_UNINITIALIZED_AUTOS = YES_AGGRESSIVE;
				GCC_WARN_UNUSED_FUNCTION = YES;
				GCC_WARN_UNUSED_VARIABLE = YES;
				IPHONEOS_DEPLOYMENT_TARGET = 17.4;
				LOCALIZATION_PREFERS_STRING_CATALOGS = YES;
				MTL_ENABLE_DEBUG_INFO = NO;
				MTL_FAST_MATH = YES;
				SDKROOT = iphoneos;
				SWIFT_COMPILATION_MODE = wholemodule;
				VALIDATE_PRODUCT = YES;
			};
			name = Release;
		};
		46DFB81E2BA221E50032140D /* Debug */ = {
			isa = XCBuildConfiguration;
			buildSettings = {
				ASSETCATALOG_COMPILER_APPICON_NAME = AppIcon;
				ASSETCATALOG_COMPILER_GLOBAL_ACCENT_COLOR_NAME = AccentColor;
				CODE_SIGN_STYLE = Automatic;
				CURRENT_PROJECT_VERSION = 1;
				DEVELOPMENT_ASSET_PATHS = "\"Search GitHub User/Preview Content\"";
				DEVELOPMENT_TEAM = 73AGDSA9QN;
				ENABLE_PREVIEWS = YES;
				GENERATE_INFOPLIST_FILE = YES;
				INFOPLIST_KEY_CFBundleDisplayName = "Search GitHub User";
				INFOPLIST_KEY_LSApplicationCategoryType = "public.app-category.developer-tools";
				INFOPLIST_KEY_UIApplicationSceneManifest_Generation = YES;
				INFOPLIST_KEY_UIApplicationSupportsIndirectInputEvents = YES;
				INFOPLIST_KEY_UILaunchScreen_Generation = YES;
				INFOPLIST_KEY_UISupportedInterfaceOrientations_iPad = "UIInterfaceOrientationPortrait UIInterfaceOrientationPortraitUpsideDown UIInterfaceOrientationLandscapeLeft UIInterfaceOrientationLandscapeRight";
				INFOPLIST_KEY_UISupportedInterfaceOrientations_iPhone = "UIInterfaceOrientationPortrait UIInterfaceOrientationLandscapeLeft UIInterfaceOrientationLandscapeRight";
				LD_RUNPATH_SEARCH_PATHS = (
					"$(inherited)",
					"@executable_path/Frameworks",
				);
				MARKETING_VERSION = 1.0;
				PRODUCT_BUNDLE_IDENTIFIER = "ChebuTeam.Search-GitHub-User";
				PRODUCT_NAME = "$(TARGET_NAME)";
				SWIFT_EMIT_LOC_STRINGS = YES;
				SWIFT_VERSION = 5.0;
				TARGETED_DEVICE_FAMILY = "1,2";
			};
			name = Debug;
		};
		46DFB81F2BA221E50032140D /* Release */ = {
			isa = XCBuildConfiguration;
			buildSettings = {
				ASSETCATALOG_COMPILER_APPICON_NAME = AppIcon;
				ASSETCATALOG_COMPILER_GLOBAL_ACCENT_COLOR_NAME = AccentColor;
				CODE_SIGN_STYLE = Automatic;
				CURRENT_PROJECT_VERSION = 1;
				DEVELOPMENT_ASSET_PATHS = "\"Search GitHub User/Preview Content\"";
				DEVELOPMENT_TEAM = 73AGDSA9QN;
				ENABLE_PREVIEWS = YES;
				GENERATE_INFOPLIST_FILE = YES;
				INFOPLIST_KEY_CFBundleDisplayName = "Search GitHub User";
				INFOPLIST_KEY_LSApplicationCategoryType = "public.app-category.developer-tools";
				INFOPLIST_KEY_UIApplicationSceneManifest_Generation = YES;
				INFOPLIST_KEY_UIApplicationSupportsIndirectInputEvents = YES;
				INFOPLIST_KEY_UILaunchScreen_Generation = YES;
				INFOPLIST_KEY_UISupportedInterfaceOrientations_iPad = "UIInterfaceOrientationPortrait UIInterfaceOrientationPortraitUpsideDown UIInterfaceOrientationLandscapeLeft UIInterfaceOrientationLandscapeRight";
				INFOPLIST_KEY_UISupportedInterfaceOrientations_iPhone = "UIInterfaceOrientationPortrait UIInterfaceOrientationLandscapeLeft UIInterfaceOrientationLandscapeRight";
				LD_RUNPATH_SEARCH_PATHS = (
					"$(inherited)",
					"@executable_path/Frameworks",
				);
				MARKETING_VERSION = 1.0;
				PRODUCT_BUNDLE_IDENTIFIER = "ChebuTeam.Search-GitHub-User";
				PRODUCT_NAME = "$(TARGET_NAME)";
				SWIFT_EMIT_LOC_STRINGS = YES;
				SWIFT_VERSION = 5.0;
				TARGETED_DEVICE_FAMILY = "1,2";
			};
			name = Release;
		};
/* End XCBuildConfiguration section */

/* Begin XCConfigurationList section */
		46DFB80A2BA221E40032140D /* Build configuration list for PBXProject "Search GitHub User" */ = {
			isa = XCConfigurationList;
			buildConfigurations = (
				46DFB81B2BA221E50032140D /* Debug */,
				46DFB81C2BA221E50032140D /* Release */,
			);
			defaultConfigurationIsVisible = 0;
			defaultConfigurationName = Release;
		};
		46DFB81D2BA221E50032140D /* Build configuration list for PBXNativeTarget "Search GitHub User" */ = {
			isa = XCConfigurationList;
			buildConfigurations = (
				46DFB81E2BA221E50032140D /* Debug */,
				46DFB81F2BA221E50032140D /* Release */,
			);
			defaultConfigurationIsVisible = 0;
			defaultConfigurationName = Release;
		};
/* End XCConfigurationList section */
	};
	rootObject = 46DFB8072BA221E40032140D /* Project object */;
}
